
Microsoft Visual Studio Solution File, Format Version 12.00
# Visual Studio Version 17
VisualStudioVersion = 17.4.33205.214
MinimumVisualStudioVersion = 10.0.40219.1
Project("{9A19103F-16F7-4668-BE54-9A1E7A4F7556}") = "ETL", "ETL\ETL.csproj", "{9D1CE351-7E86-4059-8186-FDE205C8F39F}"
EndProject
Project("{9A19103F-16F7-4668-BE54-9A1E7A4F7556}") = "Frontend", "Frontend\Frontend.csproj", "{154C8979-3C2C-431A-AD20-BE444650E8D2}"
EndProject
Project("{9A19103F-16F7-4668-BE54-9A1E7A4F7556}") = "Common", "Common\Common.csproj", "{7B03FB66-66F3-420F-BE76-D9189C696FA8}"
EndProject
Global
	GlobalSection(SolutionConfigurationPlatforms) = preSolution
		Debug|Any CPU = Debug|Any CPU
		Release|Any CPU = Release|Any CPU
	EndGlobalSection
	GlobalSection(ProjectConfigurationPlatforms) = postSolution
		{9D1CE351-7E86-4059-8186-FDE205C8F39F}.Debug|Any CPU.ActiveCfg = Debug|Any CPU
		{9D1CE351-7E86-4059-8186-FDE205C8F39F}.Debug|Any CPU.Build.0 = Debug|Any CPU
		{9D1CE351-7E86-4059-8186-FDE205C8F39F}.Release|Any CPU.ActiveCfg = Release|Any CPU
		{9D1CE351-7E86-4059-8186-FDE205C8F39F}.Release|Any CPU.Build.0 = Release|Any CPU
		{154C8979-3C2C-431A-AD20-BE444650E8D2}.Debug|Any CPU.ActiveCfg = Debug|Any CPU
		{154C8979-3C2C-431A-AD20-BE444650E8D2}.Debug|Any CPU.Build.0 = Debug|Any CPU
		{154C8979-3C2C-431A-AD20-BE444650E8D2}.Release|Any CPU.ActiveCfg = Release|Any CPU
		{154C8979-3C2C-431A-AD20-BE444650E8D2}.Release|Any CPU.Build.0 = Release|Any CPU
		{7B03FB66-66F3-420F-BE76-D9189C696FA8}.Debug|Any CPU.ActiveCfg = Debug|Any CPU
		{7B03FB66-66F3-420F-BE76-D9189C696FA8}.Debug|Any CPU.Build.0 = Debug|Any CPU
		{7B03FB66-66F3-420F-BE76-D9189C696FA8}.Release|Any CPU.ActiveCfg = Release|Any CPU
		{7B03FB66-66F3-420F-BE76-D9189C696FA8}.Release|Any CPU.Build.0 = Release|Any CPU
	EndGlobalSection
	GlobalSection(SolutionProperties) = preSolution
		HideSolutionNode = FALSE
	EndGlobalSection
	GlobalSection(ExtensibilityGlobals) = postSolution
		SolutionGuid = {8633CE6B-9EAA-4525-86F2-18E4F765A478}
	EndGlobalSection
EndGlobal
